
Microsoft Visual Studio Solution File, Format Version 12.00
# Visual Studio Version 17
VisualStudioVersion = 17.4.33110.190
MinimumVisualStudioVersion = 10.0.40219.1
Project("{FAE04EC0-301F-11D3-BF4B-00C04F79EFBC}") = "ASP_Meeting_18", "ASP_Meeting_18\ASP_Meeting_18.csproj", "{B0B0E6EF-DAB4-4845-A9A3-4F7E19442D56}"
EndProject
Global
	GlobalSection(SolutionConfigurationPlatforms) = preSolution
		Debug|Any CPU = Debug|Any CPU
		Release|Any CPU = Release|Any CPU
	EndGlobalSection
	GlobalSection(ProjectConfigurationPlatforms) = postSolution
		{B0B0E6EF-DAB4-4845-A9A3-4F7E19442D56}.Debug|Any CPU.ActiveCfg = Debug|Any CPU
		{B0B0E6EF-DAB4-4845-A9A3-4F7E19442D56}.Debug|Any CPU.Build.0 = Debug|Any CPU
		{B0B0E6EF-DAB4-4845-A9A3-4F7E19442D56}.Release|Any CPU.ActiveCfg = Release|Any CPU
		{B0B0E6EF-DAB4-4845-A9A3-4F7E19442D56}.Release|Any CPU.Build.0 = Release|Any CPU
	EndGlobalSection
	GlobalSection(SolutionProperties) = preSolution
		HideSolutionNode = FALSE
	EndGlobalSection
	GlobalSection(ExtensibilityGlobals) = postSolution
		SolutionGuid = {59243F71-9692-4C3E-BB08-3DFA2AA935D2}
	EndGlobalSection
EndGlobal
